
Microsoft Visual Studio Solution File, Format Version 12.00
# Visual Studio Version 16
VisualStudioVersion = 16.0.31019.35
MinimumVisualStudioVersion = 10.0.40219.1
Project("{9A19103F-16F7-4668-BE54-9A1E7A4F7556}") = "Purity", "src/Purity/Purity.csproj", "{90A43766-1A50-4426-B50B-B5A646B9962E}"
EndProject
Global
	GlobalSection(SolutionConfigurationPlatforms) = preSolution
		Debug|Any CPU = Debug|Any CPU
		Release|Any CPU = Release|Any CPU
	EndGlobalSection
	GlobalSection(ProjectConfigurationPlatforms) = postSolution
		{90A43766-1A50-4426-B50B-B5A646B9962E}.Debug|Any CPU.ActiveCfg = Debug|x64
		{90A43766-1A50-4426-B50B-B5A646B9962E}.Debug|Any CPU.Build.0 = Debug|x64
		{90A43766-1A50-4426-B50B-B5A646B9962E}.Release|Any CPU.ActiveCfg = Release|x64
		{90A43766-1A50-4426-B50B-B5A646B9962E}.Release|Any CPU.Build.0 = Release|x64
	EndGlobalSection
	GlobalSection(SolutionProperties) = preSolution
		HideSolutionNode = FALSE
	EndGlobalSection
	GlobalSection(ExtensibilityGlobals) = postSolution
		SolutionGuid = {195528C5-797B-4BF5-A752-EA3FDDBBEBAE}
	EndGlobalSection
EndGlobal
